// !$*UTF8*$!
{
	archiveVersion = 1;
	classes = {
	};
	objectVersion = 56;
	objects = {

/* Begin PBXBuildFile section */
		A85EAA7D2C1D54D9000A675B /* AppDelegate.swift in Sources */ = {isa = PBXBuildFile; fileRef = A85EAA7C2C1D54D9000A675B /* AppDelegate.swift */; };
		A85EAA7F2C1D54D9000A675B /* SceneDelegate.swift in Sources */ = {isa = PBXBuildFile; fileRef = A85EAA7E2C1D54D9000A675B /* SceneDelegate.swift */; };
		A85EAA812C1D54D9000A675B /* ViewController.swift in Sources */ = {isa = PBXBuildFile; fileRef = A85EAA802C1D54D9000A675B /* ViewController.swift */; };
		A85EAA842C1D54D9000A675B /* Base in Resources */ = {isa = PBXBuildFile; fileRef = A85EAA832C1D54D9000A675B /* Base */; };
		A85EAA862C1D54DB000A675B /* Assets.xcassets in Resources */ = {isa = PBXBuildFile; fileRef = A85EAA852C1D54DB000A675B /* Assets.xcassets */; };
		A85EAA892C1D54DB000A675B /* Base in Resources */ = {isa = PBXBuildFile; fileRef = A85EAA882C1D54DB000A675B /* Base */; };
		A85EAA942C1D54DB000A675B /* CICD_Example_mumu_2Tests.swift in Sources */ = {isa = PBXBuildFile; fileRef = A85EAA932C1D54DB000A675B /* CICD_Example_mumu_2Tests.swift */; };
		A85EAA9E2C1D54DB000A675B /* CICD_Example_mumu_2UITests.swift in Sources */ = {isa = PBXBuildFile; fileRef = A85EAA9D2C1D54DB000A675B /* CICD_Example_mumu_2UITests.swift */; };
		A85EAAA02C1D54DB000A675B /* CICD_Example_mumu_2UITestsLaunchTests.swift in Sources */ = {isa = PBXBuildFile; fileRef = A85EAA9F2C1D54DB000A675B /* CICD_Example_mumu_2UITestsLaunchTests.swift */; };
/* End PBXBuildFile section */

/* Begin PBXContainerItemProxy section */
		A85EAA902C1D54DB000A675B /* PBXContainerItemProxy */ = {
			isa = PBXContainerItemProxy;
			containerPortal = A85EAA712C1D54D9000A675B /* Project object */;
			proxyType = 1;
			remoteGlobalIDString = A85EAA782C1D54D9000A675B;
			remoteInfo = "CICD-Example_mumu_2";
		};
		A85EAA9A2C1D54DB000A675B /* PBXContainerItemProxy */ = {
			isa = PBXContainerItemProxy;
			containerPortal = A85EAA712C1D54D9000A675B /* Project object */;
			proxyType = 1;
			remoteGlobalIDString = A85EAA782C1D54D9000A675B;
			remoteInfo = "CICD-Example_mumu_2";
		};
/* End PBXContainerItemProxy section */

/* Begin PBXFileReference section */
		A85EAA792C1D54D9000A675B /* CICD-Example_mumu_2.app */ = {isa = PBXFileReference; explicitFileType = wrapper.application; includeInIndex = 0; path = "CICD-Example_mumu_2.app"; sourceTree = BUILT_PRODUCTS_DIR; };
		A85EAA7C2C1D54D9000A675B /* AppDelegate.swift */ = {isa = PBXFileReference; lastKnownFileType = sourcecode.swift; path = AppDelegate.swift; sourceTree = "<group>"; };
		A85EAA7E2C1D54D9000A675B /* SceneDelegate.swift */ = {isa = PBXFileReference; lastKnownFileType = sourcecode.swift; path = SceneDelegate.swift; sourceTree = "<group>"; };
		A85EAA802C1D54D9000A675B /* ViewController.swift */ = {isa = PBXFileReference; lastKnownFileType = sourcecode.swift; path = ViewController.swift; sourceTree = "<group>"; };
		A85EAA832C1D54D9000A675B /* Base */ = {isa = PBXFileReference; lastKnownFileType = file.storyboard; name = Base; path = Base.lproj/Main.storyboard; sourceTree = "<group>"; };
		A85EAA852C1D54DB000A675B /* Assets.xcassets */ = {isa = PBXFileReference; lastKnownFileType = folder.assetcatalog; path = Assets.xcassets; sourceTree = "<group>"; };
		A85EAA882C1D54DB000A675B /* Base */ = {isa = PBXFileReference; lastKnownFileType = file.storyboard; name = Base; path = Base.lproj/LaunchScreen.storyboard; sourceTree = "<group>"; };
		A85EAA8A2C1D54DB000A675B /* Info.plist */ = {isa = PBXFileReference; lastKnownFileType = text.plist.xml; path = Info.plist; sourceTree = "<group>"; };
		A85EAA8F2C1D54DB000A675B /* CICD-Example_mumu_2Tests.xctest */ = {isa = PBXFileReference; explicitFileType = wrapper.cfbundle; includeInIndex = 0; path = "CICD-Example_mumu_2Tests.xctest"; sourceTree = BUILT_PRODUCTS_DIR; };
		A85EAA932C1D54DB000A675B /* CICD_Example_mumu_2Tests.swift */ = {isa = PBXFileReference; lastKnownFileType = sourcecode.swift; path = CICD_Example_mumu_2Tests.swift; sourceTree = "<group>"; };
		A85EAA992C1D54DB000A675B /* CICD-Example_mumu_2UITests.xctest */ = {isa = PBXFileReference; explicitFileType = wrapper.cfbundle; includeInIndex = 0; path = "CICD-Example_mumu_2UITests.xctest"; sourceTree = BUILT_PRODUCTS_DIR; };
		A85EAA9D2C1D54DB000A675B /* CICD_Example_mumu_2UITests.swift */ = {isa = PBXFileReference; lastKnownFileType = sourcecode.swift; path = CICD_Example_mumu_2UITests.swift; sourceTree = "<group>"; };
		A85EAA9F2C1D54DB000A675B /* CICD_Example_mumu_2UITestsLaunchTests.swift */ = {isa = PBXFileReference; lastKnownFileType = sourcecode.swift; path = CICD_Example_mumu_2UITestsLaunchTests.swift; sourceTree = "<group>"; };
/* End PBXFileReference section */

/* Begin PBXFrameworksBuildPhase section */
		A85EAA762C1D54D9000A675B /* Frameworks */ = {
			isa = PBXFrameworksBuildPhase;
			buildActionMask = 2147483647;
			files = (
			);
			runOnlyForDeploymentPostprocessing = 0;
		};
		A85EAA8C2C1D54DB000A675B /* Frameworks */ = {
			isa = PBXFrameworksBuildPhase;
			buildActionMask = 2147483647;
			files = (
			);
			runOnlyForDeploymentPostprocessing = 0;
		};
		A85EAA962C1D54DB000A675B /* Frameworks */ = {
			isa = PBXFrameworksBuildPhase;
			buildActionMask = 2147483647;
			files = (
			);
			runOnlyForDeploymentPostprocessing = 0;
		};
/* End PBXFrameworksBuildPhase section */

/* Begin PBXGroup section */
		A85EAA702C1D54D9000A675B = {
			isa = PBXGroup;
			children = (
				A85EAA7B2C1D54D9000A675B /* CICD-Example_mumu_2 */,
				A85EAA922C1D54DB000A675B /* CICD-Example_mumu_2Tests */,
				A85EAA9C2C1D54DB000A675B /* CICD-Example_mumu_2UITests */,
				A85EAA7A2C1D54D9000A675B /* Products */,
			);
			sourceTree = "<group>";
		};
		A85EAA7A2C1D54D9000A675B /* Products */ = {
			isa = PBXGroup;
			children = (
				A85EAA792C1D54D9000A675B /* CICD-Example_mumu_2.app */,
				A85EAA8F2C1D54DB000A675B /* CICD-Example_mumu_2Tests.xctest */,
				A85EAA992C1D54DB000A675B /* CICD-Example_mumu_2UITests.xctest */,
			);
			name = Products;
			sourceTree = "<group>";
		};
		A85EAA7B2C1D54D9000A675B /* CICD-Example_mumu_2 */ = {
			isa = PBXGroup;
			children = (
				A85EAA7C2C1D54D9000A675B /* AppDelegate.swift */,
				A85EAA7E2C1D54D9000A675B /* SceneDelegate.swift */,
				A85EAA802C1D54D9000A675B /* ViewController.swift */,
				A85EAA822C1D54D9000A675B /* Main.storyboard */,
				A85EAA852C1D54DB000A675B /* Assets.xcassets */,
				A85EAA872C1D54DB000A675B /* LaunchScreen.storyboard */,
				A85EAA8A2C1D54DB000A675B /* Info.plist */,
			);
			path = "CICD-Example_mumu_2";
			sourceTree = "<group>";
		};
		A85EAA922C1D54DB000A675B /* CICD-Example_mumu_2Tests */ = {
			isa = PBXGroup;
			children = (
				A85EAA932C1D54DB000A675B /* CICD_Example_mumu_2Tests.swift */,
			);
			path = "CICD-Example_mumu_2Tests";
			sourceTree = "<group>";
		};
		A85EAA9C2C1D54DB000A675B /* CICD-Example_mumu_2UITests */ = {
			isa = PBXGroup;
			children = (
				A85EAA9D2C1D54DB000A675B /* CICD_Example_mumu_2UITests.swift */,
				A85EAA9F2C1D54DB000A675B /* CICD_Example_mumu_2UITestsLaunchTests.swift */,
			);
			path = "CICD-Example_mumu_2UITests";
			sourceTree = "<group>";
		};
/* End PBXGroup section */

/* Begin PBXNativeTarget section */
		A85EAA782C1D54D9000A675B /* CICD-Example_mumu_2 */ = {
			isa = PBXNativeTarget;
			buildConfigurationList = A85EAAA32C1D54DB000A675B /* Build configuration list for PBXNativeTarget "CICD-Example_mumu_2" */;
			buildPhases = (
				A85EAA752C1D54D9000A675B /* Sources */,
				A85EAA762C1D54D9000A675B /* Frameworks */,
				A85EAA772C1D54D9000A675B /* Resources */,
			);
			buildRules = (
			);
			dependencies = (
			);
			name = "CICD-Example_mumu_2";
			productName = "CICD-Example_mumu_2";
			productReference = A85EAA792C1D54D9000A675B /* CICD-Example_mumu_2.app */;
			productType = "com.apple.product-type.application";
		};
		A85EAA8E2C1D54DB000A675B /* CICD-Example_mumu_2Tests */ = {
			isa = PBXNativeTarget;
			buildConfigurationList = A85EAAA62C1D54DB000A675B /* Build configuration list for PBXNativeTarget "CICD-Example_mumu_2Tests" */;
			buildPhases = (
				A85EAA8B2C1D54DB000A675B /* Sources */,
				A85EAA8C2C1D54DB000A675B /* Frameworks */,
				A85EAA8D2C1D54DB000A675B /* Resources */,
			);
			buildRules = (
			);
			dependencies = (
				A85EAA912C1D54DB000A675B /* PBXTargetDependency */,
			);
			name = "CICD-Example_mumu_2Tests";
			productName = "CICD-Example_mumu_2Tests";
			productReference = A85EAA8F2C1D54DB000A675B /* CICD-Example_mumu_2Tests.xctest */;
			productType = "com.apple.product-type.bundle.unit-test";
		};
		A85EAA982C1D54DB000A675B /* CICD-Example_mumu_2UITests */ = {
			isa = PBXNativeTarget;
			buildConfigurationList = A85EAAA92C1D54DB000A675B /* Build configuration list for PBXNativeTarget "CICD-Example_mumu_2UITests" */;
			buildPhases = (
				A85EAA952C1D54DB000A675B /* Sources */,
				A85EAA962C1D54DB000A675B /* Frameworks */,
				A85EAA972C1D54DB000A675B /* Resources */,
			);
			buildRules = (
			);
			dependencies = (
				A85EAA9B2C1D54DB000A675B /* PBXTargetDependency */,
			);
			name = "CICD-Example_mumu_2UITests";
			productName = "CICD-Example_mumu_2UITests";
			productReference = A85EAA992C1D54DB000A675B /* CICD-Example_mumu_2UITests.xctest */;
			productType = "com.apple.product-type.bundle.ui-testing";
		};
/* End PBXNativeTarget section */

/* Begin PBXProject section */
		A85EAA712C1D54D9000A675B /* Project object */ = {
			isa = PBXProject;
			attributes = {
				BuildIndependentTargetsInParallel = 1;
				LastSwiftUpdateCheck = 1540;
				LastUpgradeCheck = 1540;
				TargetAttributes = {
					A85EAA782C1D54D9000A675B = {
						CreatedOnToolsVersion = 15.4;
					};
					A85EAA8E2C1D54DB000A675B = {
						CreatedOnToolsVersion = 15.4;
						TestTargetID = A85EAA782C1D54D9000A675B;
					};
					A85EAA982C1D54DB000A675B = {
						CreatedOnToolsVersion = 15.4;
						TestTargetID = A85EAA782C1D54D9000A675B;
					};
				};
			};
			buildConfigurationList = A85EAA742C1D54D9000A675B /* Build configuration list for PBXProject "CICD-Example_mumu_2" */;
			compatibilityVersion = "Xcode 14.0";
			developmentRegion = en;
			hasScannedForEncodings = 0;
			knownRegions = (
				en,
				Base,
			);
			mainGroup = A85EAA702C1D54D9000A675B;
			productRefGroup = A85EAA7A2C1D54D9000A675B /* Products */;
			projectDirPath = "";
			projectRoot = "";
			targets = (
				A85EAA782C1D54D9000A675B /* CICD-Example_mumu_2 */,
				A85EAA8E2C1D54DB000A675B /* CICD-Example_mumu_2Tests */,
				A85EAA982C1D54DB000A675B /* CICD-Example_mumu_2UITests */,
			);
		};
/* End PBXProject section */

/* Begin PBXResourcesBuildPhase section */
		A85EAA772C1D54D9000A675B /* Resources */ = {
			isa = PBXResourcesBuildPhase;
			buildActionMask = 2147483647;
			files = (
				A85EAA862C1D54DB000A675B /* Assets.xcassets in Resources */,
				A85EAA892C1D54DB000A675B /* Base in Resources */,
				A85EAA842C1D54D9000A675B /* Base in Resources */,
			);
			runOnlyForDeploymentPostprocessing = 0;
		};
		A85EAA8D2C1D54DB000A675B /* Resources */ = {
			isa = PBXResourcesBuildPhase;
			buildActionMask = 2147483647;
			files = (
			);
			runOnlyForDeploymentPostprocessing = 0;
		};
		A85EAA972C1D54DB000A675B /* Resources */ = {
			isa = PBXResourcesBuildPhase;
			buildActionMask = 2147483647;
			files = (
			);
			runOnlyForDeploymentPostprocessing = 0;
		};
/* End PBXResourcesBuildPhase section */

/* Begin PBXSourcesBuildPhase section */
		A85EAA752C1D54D9000A675B /* Sources */ = {
			isa = PBXSourcesBuildPhase;
			buildActionMask = 2147483647;
			files = (
				A85EAA812C1D54D9000A675B /* ViewController.swift in Sources */,
				A85EAA7D2C1D54D9000A675B /* AppDelegate.swift in Sources */,
				A85EAA7F2C1D54D9000A675B /* SceneDelegate.swift in Sources */,
			);
			runOnlyForDeploymentPostprocessing = 0;
		};
		A85EAA8B2C1D54DB000A675B /* Sources */ = {
			isa = PBXSourcesBuildPhase;
			buildActionMask = 2147483647;
			files = (
				A85EAA942C1D54DB000A675B /* CICD_Example_mumu_2Tests.swift in Sources */,
			);
			runOnlyForDeploymentPostprocessing = 0;
		};
		A85EAA952C1D54DB000A675B /* Sources */ = {
			isa = PBXSourcesBuildPhase;
			buildActionMask = 2147483647;
			files = (
				A85EAA9E2C1D54DB000A675B /* CICD_Example_mumu_2UITests.swift in Sources */,
				A85EAAA02C1D54DB000A675B /* CICD_Example_mumu_2UITestsLaunchTests.swift in Sources */,
			);
			runOnlyForDeploymentPostprocessing = 0;
		};
/* End PBXSourcesBuildPhase section */

/* Begin PBXTargetDependency section */
		A85EAA912C1D54DB000A675B /* PBXTargetDependency */ = {
			isa = PBXTargetDependency;
			target = A85EAA782C1D54D9000A675B /* CICD-Example_mumu_2 */;
			targetProxy = A85EAA902C1D54DB000A675B /* PBXContainerItemProxy */;
		};
		A85EAA9B2C1D54DB000A675B /* PBXTargetDependency */ = {
			isa = PBXTargetDependency;
			target = A85EAA782C1D54D9000A675B /* CICD-Example_mumu_2 */;
			targetProxy = A85EAA9A2C1D54DB000A675B /* PBXContainerItemProxy */;
		};
/* End PBXTargetDependency section */

/* Begin PBXVariantGroup section */
		A85EAA822C1D54D9000A675B /* Main.storyboard */ = {
			isa = PBXVariantGroup;
			children = (
				A85EAA832C1D54D9000A675B /* Base */,
			);
			name = Main.storyboard;
			sourceTree = "<group>";
		};
		A85EAA872C1D54DB000A675B /* LaunchScreen.storyboard */ = {
			isa = PBXVariantGroup;
			children = (
				A85EAA882C1D54DB000A675B /* Base */,
			);
			name = LaunchScreen.storyboard;
			sourceTree = "<group>";
		};
/* End PBXVariantGroup section */

/* Begin XCBuildConfiguration section */
		A85EAAA12C1D54DB000A675B /* Debug */ = {
			isa = XCBuildConfiguration;
			buildSettings = {
				ALWAYS_SEARCH_USER_PATHS = NO;
				ASSETCATALOG_COMPILER_GENERATE_SWIFT_ASSET_SYMBOL_EXTENSIONS = YES;
				CLANG_ANALYZER_NONNULL = YES;
				CLANG_ANALYZER_NUMBER_OBJECT_CONVERSION = YES_AGGRESSIVE;
				CLANG_CXX_LANGUAGE_STANDARD = "gnu++20";
				CLANG_ENABLE_MODULES = YES;
				CLANG_ENABLE_OBJC_ARC = YES;
				CLANG_ENABLE_OBJC_WEAK = YES;
				CLANG_WARN_BLOCK_CAPTURE_AUTORELEASING = YES;
				CLANG_WARN_BOOL_CONVERSION = YES;
				CLANG_WARN_COMMA = YES;
				CLANG_WARN_CONSTANT_CONVERSION = YES;
				CLANG_WARN_DEPRECATED_OBJC_IMPLEMENTATIONS = YES;
				CLANG_WARN_DIRECT_OBJC_ISA_USAGE = YES_ERROR;
				CLANG_WARN_DOCUMENTATION_COMMENTS = YES;
				CLANG_WARN_EMPTY_BODY = YES;
				CLANG_WARN_ENUM_CONVERSION = YES;
				CLANG_WARN_INFINITE_RECURSION = YES;
				CLANG_WARN_INT_CONVERSION = YES;
				CLANG_WARN_NON_LITERAL_NULL_CONVERSION = YES;
				CLANG_WARN_OBJC_IMPLICIT_RETAIN_SELF = YES;
				CLANG_WARN_OBJC_LITERAL_CONVERSION = YES;
				CLANG_WARN_OBJC_ROOT_CLASS = YES_ERROR;
				CLANG_WARN_QUOTED_INCLUDE_IN_FRAMEWORK_HEADER = YES;
				CLANG_WARN_RANGE_LOOP_ANALYSIS = YES;
				CLANG_WARN_STRICT_PROTOTYPES = YES;
				CLANG_WARN_SUSPICIOUS_MOVE = YES;
				CLANG_WARN_UNGUARDED_AVAILABILITY = YES_AGGRESSIVE;
				CLANG_WARN_UNREACHABLE_CODE = YES;
				CLANG_WARN__DUPLICATE_METHOD_MATCH = YES;
				COPY_PHASE_STRIP = NO;
				DEBUG_INFORMATION_FORMAT = dwarf;
				ENABLE_STRICT_OBJC_MSGSEND = YES;
				ENABLE_TESTABILITY = YES;
				ENABLE_USER_SCRIPT_SANDBOXING = YES;
				GCC_C_LANGUAGE_STANDARD = gnu17;
				GCC_DYNAMIC_NO_PIC = NO;
				GCC_NO_COMMON_BLOCKS = YES;
				GCC_OPTIMIZATION_LEVEL = 0;
				GCC_PREPROCESSOR_DEFINITIONS = (
					"DEBUG=1",
					"$(inherited)",
				);
				GCC_WARN_64_TO_32_BIT_CONVERSION = YES;
				GCC_WARN_ABOUT_RETURN_TYPE = YES_ERROR;
				GCC_WARN_UNDECLARED_SELECTOR = YES;
				GCC_WARN_UNINITIALIZED_AUTOS = YES_AGGRESSIVE;
				GCC_WARN_UNUSED_FUNCTION = YES;
				GCC_WARN_UNUSED_VARIABLE = YES;
				IPHONEOS_DEPLOYMENT_TARGET = 17.5;
				LOCALIZATION_PREFERS_STRING_CATALOGS = YES;
				MTL_ENABLE_DEBUG_INFO = INCLUDE_SOURCE;
				MTL_FAST_MATH = YES;
				ONLY_ACTIVE_ARCH = YES;
				SDKROOT = iphoneos;
				SWIFT_ACTIVE_COMPILATION_CONDITIONS = "DEBUG $(inherited)";
				SWIFT_OPTIMIZATION_LEVEL = "-Onone";
			};
			name = Debug;
		};
		A85EAAA22C1D54DB000A675B /* Release */ = {
			isa = XCBuildConfiguration;
			buildSettings = {
				ALWAYS_SEARCH_USER_PATHS = NO;
				ASSETCATALOG_COMPILER_GENERATE_SWIFT_ASSET_SYMBOL_EXTENSIONS = YES;
				CLANG_ANALYZER_NONNULL = YES;
				CLANG_ANALYZER_NUMBER_OBJECT_CONVERSION = YES_AGGRESSIVE;
				CLANG_CXX_LANGUAGE_STANDARD = "gnu++20";
				CLANG_ENABLE_MODULES = YES;
				CLANG_ENABLE_OBJC_ARC = YES;
				CLANG_ENABLE_OBJC_WEAK = YES;
				CLANG_WARN_BLOCK_CAPTURE_AUTORELEASING = YES;
				CLANG_WARN_BOOL_CONVERSION = YES;
				CLANG_WARN_COMMA = YES;
				CLANG_WARN_CONSTANT_CONVERSION = YES;
				CLANG_WARN_DEPRECATED_OBJC_IMPLEMENTATIONS = YES;
				CLANG_WARN_DIRECT_OBJC_ISA_USAGE = YES_ERROR;
				CLANG_WARN_DOCUMENTATION_COMMENTS = YES;
				CLANG_WARN_EMPTY_BODY = YES;
				CLANG_WARN_ENUM_CONVERSION = YES;
				CLANG_WARN_INFINITE_RECURSION = YES;
				CLANG_WARN_INT_CONVERSION = YES;
				CLANG_WARN_NON_LITERAL_NULL_CONVERSION = YES;
				CLANG_WARN_OBJC_IMPLICIT_RETAIN_SELF = YES;
				CLANG_WARN_OBJC_LITERAL_CONVERSION = YES;
				CLANG_WARN_OBJC_ROOT_CLASS = YES_ERROR;
				CLANG_WARN_QUOTED_INCLUDE_IN_FRAMEWORK_HEADER = YES;
				CLANG_WARN_RANGE_LOOP_ANALYSIS = YES;
				CLANG_WARN_STRICT_PROTOTYPES = YES;
				CLANG_WARN_SUSPICIOUS_MOVE = YES;
				CLANG_WARN_UNGUARDED_AVAILABILITY = YES_AGGRESSIVE;
				CLANG_WARN_UNREACHABLE_CODE = YES;
				CLANG_WARN__DUPLICATE_METHOD_MATCH = YES;
				COPY_PHASE_STRIP = NO;
				DEBUG_INFORMATION_FORMAT = "dwarf-with-dsym";
				ENABLE_NS_ASSERTIONS = NO;
				ENABLE_STRICT_OBJC_MSGSEND = YES;
				ENABLE_USER_SCRIPT_SANDBOXING = YES;
				GCC_C_LANGUAGE_STANDARD = gnu17;
				GCC_NO_COMMON_BLOCKS = YES;
				GCC_WARN_64_TO_32_BIT_CONVERSION = YES;
				GCC_WARN_ABOUT_RETURN_TYPE = YES_ERROR;
				GCC_WARN_UNDECLARED_SELECTOR = YES;
				GCC_WARN_UNINITIALIZED_AUTOS = YES_AGGRESSIVE;
				GCC_WARN_UNUSED_FUNCTION = YES;
				GCC_WARN_UNUSED_VARIABLE = YES;
				IPHONEOS_DEPLOYMENT_TARGET = 17.5;
				LOCALIZATION_PREFERS_STRING_CATALOGS = YES;
				MTL_ENABLE_DEBUG_INFO = NO;
				MTL_FAST_MATH = YES;
				SDKROOT = iphoneos;
				SWIFT_COMPILATION_MODE = wholemodule;
				VALIDATE_PRODUCT = YES;
			};
			name = Release;
		};
		A85EAAA42C1D54DB000A675B /* Debug */ = {
			isa = XCBuildConfiguration;
			buildSettings = {
				ASSETCATALOG_COMPILER_APPICON_NAME = AppIcon;
				ASSETCATALOG_COMPILER_GLOBAL_ACCENT_COLOR_NAME = AccentColor;
				CODE_SIGN_STYLE = Automatic;
				CURRENT_PROJECT_VERSION = 1;
				DEVELOPMENT_TEAM = 7W64WHVKVN;
				GENERATE_INFOPLIST_FILE = YES;
				INFOPLIST_FILE = "CICD-Example_mumu_2/Info.plist";
				INFOPLIST_KEY_UIApplicationSupportsIndirectInputEvents = YES;
				INFOPLIST_KEY_UILaunchStoryboardName = LaunchScreen;
				INFOPLIST_KEY_UIMainStoryboardFile = Main;
				INFOPLIST_KEY_UISupportedInterfaceOrientations_iPad = "UIInterfaceOrientationPortrait UIInterfaceOrientationPortraitUpsideDown UIInterfaceOrientationLandscapeLeft UIInterfaceOrientationLandscapeRight";
				INFOPLIST_KEY_UISupportedInterfaceOrientations_iPhone = "UIInterfaceOrientationPortrait UIInterfaceOrientationLandscapeLeft UIInterfaceOrientationLandscapeRight";
				LD_RUNPATH_SEARCH_PATHS = (
					"$(inherited)",
					"@executable_path/Frameworks",
				);
				MARKETING_VERSION = 1.0;
				PRODUCT_BUNDLE_IDENTIFIER = "com.soongin.CICD-Example-mumu-2";
				PRODUCT_NAME = "$(TARGET_NAME)";
				SWIFT_EMIT_LOC_STRINGS = YES;
				SWIFT_VERSION = 5.0;
				TARGETED_DEVICE_FAMILY = "1,2";
			};
			name = Debug;
		};
		A85EAAA52C1D54DB000A675B /* Release */ = {
			isa = XCBuildConfiguration;
			buildSettings = {
				ASSETCATALOG_COMPILER_APPICON_NAME = AppIcon;
				ASSETCATALOG_COMPILER_GLOBAL_ACCENT_COLOR_NAME = AccentColor;
				CODE_SIGN_STYLE = Automatic;
				CURRENT_PROJECT_VERSION = 1;
				DEVELOPMENT_TEAM = 7W64WHVKVN;
				GENERATE_INFOPLIST_FILE = YES;
				INFOPLIST_FILE = "CICD-Example_mumu_2/Info.plist";
				INFOPLIST_KEY_UIApplicationSupportsIndirectInputEvents = YES;
				INFOPLIST_KEY_UILaunchStoryboardName = LaunchScreen;
				INFOPLIST_KEY_UIMainStoryboardFile = Main;
				INFOPLIST_KEY_UISupportedInterfaceOrientations_iPad = "UIInterfaceOrientationPortrait UIInterfaceOrientationPortraitUpsideDown UIInterfaceOrientationLandscapeLeft UIInterfaceOrientationLandscapeRight";
				INFOPLIST_KEY_UISupportedInterfaceOrientations_iPhone = "UIInterfaceOrientationPortrait UIInterfaceOrientationLandscapeLeft UIInterfaceOrientationLandscapeRight";
				LD_RUNPATH_SEARCH_PATHS = (
					"$(inherited)",
					"@executable_path/Frameworks",
				);
				MARKETING_VERSION = 1.0;
				PRODUCT_BUNDLE_IDENTIFIER = "com.soongin.CICD-Example-mumu-2";
				PRODUCT_NAME = "$(TARGET_NAME)";
				SWIFT_EMIT_LOC_STRINGS = YES;
				SWIFT_VERSION = 5.0;
				TARGETED_DEVICE_FAMILY = "1,2";
			};
			name = Release;
		};
		A85EAAA72C1D54DB000A675B /* Debug */ = {
			isa = XCBuildConfiguration;
			buildSettings = {
				ALWAYS_EMBED_SWIFT_STANDARD_LIBRARIES = YES;
				BUNDLE_LOADER = "$(TEST_HOST)";
				CODE_SIGN_STYLE = Automatic;
				CURRENT_PROJECT_VERSION = 1;
				DEVELOPMENT_TEAM = 7W64WHVKVN;
				GENERATE_INFOPLIST_FILE = YES;
				IPHONEOS_DEPLOYMENT_TARGET = 17.5;
				MARKETING_VERSION = 1.0;
				PRODUCT_BUNDLE_IDENTIFIER = "com.soongin.CICD-Example-mumu-2Tests";
				PRODUCT_NAME = "$(TARGET_NAME)";
				SWIFT_EMIT_LOC_STRINGS = NO;
				SWIFT_VERSION = 5.0;
				TARGETED_DEVICE_FAMILY = "1,2";
				TEST_HOST = "$(BUILT_PRODUCTS_DIR)/CICD-Example_mumu_2.app/$(BUNDLE_EXECUTABLE_FOLDER_PATH)/CICD-Example_mumu_2";
			};
			name = Debug;
		};
		A85EAAA82C1D54DB000A675B /* Release */ = {
			isa = XCBuildConfiguration;
			buildSettings = {
				ALWAYS_EMBED_SWIFT_STANDARD_LIBRARIES = YES;
				BUNDLE_LOADER = "$(TEST_HOST)";
				CODE_SIGN_STYLE = Automatic;
				CURRENT_PROJECT_VERSION = 1;
				DEVELOPMENT_TEAM = 7W64WHVKVN;
				GENERATE_INFOPLIST_FILE = YES;
				IPHONEOS_DEPLOYMENT_TARGET = 17.5;
				MARKETING_VERSION = 1.0;
				PRODUCT_BUNDLE_IDENTIFIER = "com.soongin.CICD-Example-mumu-2Tests";
				PRODUCT_NAME = "$(TARGET_NAME)";
				SWIFT_EMIT_LOC_STRINGS = NO;
				SWIFT_VERSION = 5.0;
				TARGETED_DEVICE_FAMILY = "1,2";
				TEST_HOST = "$(BUILT_PRODUCTS_DIR)/CICD-Example_mumu_2.app/$(BUNDLE_EXECUTABLE_FOLDER_PATH)/CICD-Example_mumu_2";
			};
			name = Release;
		};
		A85EAAAA2C1D54DB000A675B /* Debug */ = {
			isa = XCBuildConfiguration;
			buildSettings = {
				ALWAYS_EMBED_SWIFT_STANDARD_LIBRARIES = YES;
				CODE_SIGN_STYLE = Automatic;
				CURRENT_PROJECT_VERSION = 1;
				DEVELOPMENT_TEAM = 7W64WHVKVN;
				GENERATE_INFOPLIST_FILE = YES;
				MARKETING_VERSION = 1.0;
				PRODUCT_BUNDLE_IDENTIFIER = "com.soongin.CICD-Example-mumu-2UITests";
				PRODUCT_NAME = "$(TARGET_NAME)";
				SWIFT_EMIT_LOC_STRINGS = NO;
				SWIFT_VERSION = 5.0;
				TARGETED_DEVICE_FAMILY = "1,2";
				TEST_TARGET_NAME = "CICD-Example_mumu_2";
			};
			name = Debug;
		};
		A85EAAAB2C1D54DB000A675B /* Release */ = {
			isa = XCBuildConfiguration;
			buildSettings = {
				ALWAYS_EMBED_SWIFT_STANDARD_LIBRARIES = YES;
				CODE_SIGN_STYLE = Automatic;
				CURRENT_PROJECT_VERSION = 1;
				DEVELOPMENT_TEAM = 7W64WHVKVN;
				GENERATE_INFOPLIST_FILE = YES;
				MARKETING_VERSION = 1.0;
				PRODUCT_BUNDLE_IDENTIFIER = "com.soongin.CICD-Example-mumu-2UITests";
				PRODUCT_NAME = "$(TARGET_NAME)";
				SWIFT_EMIT_LOC_STRINGS = NO;
				SWIFT_VERSION = 5.0;
				TARGETED_DEVICE_FAMILY = "1,2";
				TEST_TARGET_NAME = "CICD-Example_mumu_2";
			};
			name = Release;
		};
/* End XCBuildConfiguration section */

/* Begin XCConfigurationList section */
		A85EAA742C1D54D9000A675B /* Build configuration list for PBXProject "CICD-Example_mumu_2" */ = {
			isa = XCConfigurationList;
			buildConfigurations = (
				A85EAAA12C1D54DB000A675B /* Debug */,
				A85EAAA22C1D54DB000A675B /* Release */,
			);
			defaultConfigurationIsVisible = 0;
			defaultConfigurationName = Release;
		};
		A85EAAA32C1D54DB000A675B /* Build configuration list for PBXNativeTarget "CICD-Example_mumu_2" */ = {
			isa = XCConfigurationList;
			buildConfigurations = (
				A85EAAA42C1D54DB000A675B /* Debug */,
				A85EAAA52C1D54DB000A675B /* Release */,
			);
			defaultConfigurationIsVisible = 0;
			defaultConfigurationName = Release;
		};
		A85EAAA62C1D54DB000A675B /* Build configuration list for PBXNativeTarget "CICD-Example_mumu_2Tests" */ = {
			isa = XCConfigurationList;
			buildConfigurations = (
				A85EAAA72C1D54DB000A675B /* Debug */,
				A85EAAA82C1D54DB000A675B /* Release */,
			);
			defaultConfigurationIsVisible = 0;
			defaultConfigurationName = Release;
		};
		A85EAAA92C1D54DB000A675B /* Build configuration list for PBXNativeTarget "CICD-Example_mumu_2UITests" */ = {
			isa = XCConfigurationList;
			buildConfigurations = (
				A85EAAAA2C1D54DB000A675B /* Debug */,
				A85EAAAB2C1D54DB000A675B /* Release */,
			);
			defaultConfigurationIsVisible = 0;
			defaultConfigurationName = Release;
		};
/* End XCConfigurationList section */
	};
	rootObject = A85EAA712C1D54D9000A675B /* Project object */;
}
